
Microsoft Visual Studio Solution File, Format Version 12.00
Project("{FAE04EC0-301F-11D3-BF4B-00C04F79EFBC}") = "Mac.VideoApplication2021.UI", "Mac.VideoApplication2021.UI\Mac.VideoApplication2021.UI.csproj", "{61963994-2B13-44DB-B08E-483BCEAF215D}"
EndProject
Project("{FAE04EC0-301F-11D3-BF4B-00C04F79EFBC}") = "Mac.VideoApplication2021.Models", "Mac.VideoApplication2021.Models\Mac.VideoApplication2021.Models.csproj", "{2E2F29DA-C8ED-4909-80CE-D4EB906EA569}"
EndProject
Global
	GlobalSection(SolutionConfigurationPlatforms) = preSolution
		Debug|Any CPU = Debug|Any CPU
		Release|Any CPU = Release|Any CPU
	EndGlobalSection
	GlobalSection(ProjectConfigurationPlatforms) = postSolution
		{61963994-2B13-44DB-B08E-483BCEAF215D}.Debug|Any CPU.ActiveCfg = Debug|Any CPU
		{61963994-2B13-44DB-B08E-483BCEAF215D}.Debug|Any CPU.Build.0 = Debug|Any CPU
		{61963994-2B13-44DB-B08E-483BCEAF215D}.Release|Any CPU.ActiveCfg = Release|Any CPU
		{61963994-2B13-44DB-B08E-483BCEAF215D}.Release|Any CPU.Build.0 = Release|Any CPU
		{2E2F29DA-C8ED-4909-80CE-D4EB906EA569}.Debug|Any CPU.ActiveCfg = Debug|Any CPU
		{2E2F29DA-C8ED-4909-80CE-D4EB906EA569}.Debug|Any CPU.Build.0 = Debug|Any CPU
		{2E2F29DA-C8ED-4909-80CE-D4EB906EA569}.Release|Any CPU.ActiveCfg = Release|Any CPU
		{2E2F29DA-C8ED-4909-80CE-D4EB906EA569}.Release|Any CPU.Build.0 = Release|Any CPU
	EndGlobalSection
EndGlobal
