
Microsoft Visual Studio Solution File, Format Version 12.00
Project("{FAE04EC0-301F-11D3-BF4B-00C04F79EFBC}") = "Mac.VideoApplication2021.UI", "Mac.VideoApplication2021.UI\Mac.VideoApplication2021.UI.csproj", "{61963994-2B13-44DB-B08E-483BCEAF215D}"
EndProject
Project("{FAE04EC0-301F-11D3-BF4B-00C04F79EFBC}") = "Mac.VideoApplication2021.Models", "Mac.VideoApplication2021.Models\Mac.VideoApplication2021.Models.csproj", "{2E2F29DA-C8ED-4909-80CE-D4EB906EA569}"
EndProject
Project("{FAE04EC0-301F-11D3-BF4B-00C04F79EFBC}") = "Mac.VideoApplication2021.BuinessLogic", "Mac.VideoApplication2021.BuinessLogic\Mac.VideoApplication2021.BuinessLogic.csproj", "{B6DD808F-FB8A-4095-AF73-DCDB0B567D4C}"
EndProject
Project("{2150E333-8FDC-42A3-9474-1A3956D46DE8}") = "UI", "UI", "{DD6E8607-286D-43C5-B6D9-9CA45F77E052}"
EndProject
Project("{FAE04EC0-301F-11D3-BF4B-00C04F79EFBC}") = "Mac.VideoApplication2021.Core", "Mac.VideoApplication2021.Core\Mac.VideoApplication2021.Core.csproj", "{3995F663-FF37-491A-BEB4-34C0D461BE4B}"
EndProject
Project("{2150E333-8FDC-42A3-9474-1A3956D46DE8}") = "Core", "Core", "{C3AA919E-C262-4686-A7E7-80DAC73A3A7E}"
EndProject
Project("{FAE04EC0-301F-11D3-BF4B-00C04F79EFBC}") = "Mac.VideoApplication2021.Domain", "Core\Mac.VideoApplication2021.Domain\Mac.VideoApplication2021.Domain.csproj", "{6C081B9B-F393-41BC-9C82-4C6A2970448A}"
EndProject
Project("{FAE04EC0-301F-11D3-BF4B-00C04F79EFBC}") = "ClassLibrary1Mac.VideoApplication2021.Infrastructure.DataAcces", "ClassLibrary1Mac.VideoApplication2021.Infrastructure.DataAcces\ClassLibrary1Mac.VideoApplication2021.Infrastructure.DataAcces.csproj", "{24B42115-7CFE-4CC9-9F40-9BB825048BA8}"
EndProject
Project("{2150E333-8FDC-42A3-9474-1A3956D46DE8}") = "Infrastructure", "Infrastructure", "{1AE05098-F6B3-4E71-99AD-50549F4F11D4}"
EndProject
Project("{2150E333-8FDC-42A3-9474-1A3956D46DE8}") = "OldStructure", "OldStructure", "{0CD7F5D9-9DB8-4FC4-BF80-2598C55B6F45}"
EndProject
Project("{FAE04EC0-301F-11D3-BF4B-00C04F79EFBC}") = "Mac.VideoApplication2021.SQL", "Mac.VideoApplication2021.SQL\Mac.VideoApplication2021.SQL.csproj", "{E0DDC531-7A25-49F5-9D2A-DCBDDCDBC6C8}"
EndProject
Project("{FAE04EC0-301F-11D3-BF4B-00C04F79EFBC}") = "Mac.VideoApplication2021.WebAPI", "Mac.VideoApplication2021.WebAPI\Mac.VideoApplication2021.WebAPI.csproj", "{A0EF4253-957A-4A64-B954-05E37E7FC76C}"
EndProject
Global
	GlobalSection(SolutionConfigurationPlatforms) = preSolution
		Debug|Any CPU = Debug|Any CPU
		Release|Any CPU = Release|Any CPU
	EndGlobalSection
	GlobalSection(ProjectConfigurationPlatforms) = postSolution
		{61963994-2B13-44DB-B08E-483BCEAF215D}.Debug|Any CPU.ActiveCfg = Debug|Any CPU
		{61963994-2B13-44DB-B08E-483BCEAF215D}.Debug|Any CPU.Build.0 = Debug|Any CPU
		{61963994-2B13-44DB-B08E-483BCEAF215D}.Release|Any CPU.ActiveCfg = Release|Any CPU
		{61963994-2B13-44DB-B08E-483BCEAF215D}.Release|Any CPU.Build.0 = Release|Any CPU
		{2E2F29DA-C8ED-4909-80CE-D4EB906EA569}.Debug|Any CPU.ActiveCfg = Debug|Any CPU
		{2E2F29DA-C8ED-4909-80CE-D4EB906EA569}.Debug|Any CPU.Build.0 = Debug|Any CPU
		{2E2F29DA-C8ED-4909-80CE-D4EB906EA569}.Release|Any CPU.ActiveCfg = Release|Any CPU
		{2E2F29DA-C8ED-4909-80CE-D4EB906EA569}.Release|Any CPU.Build.0 = Release|Any CPU
		{B6DD808F-FB8A-4095-AF73-DCDB0B567D4C}.Debug|Any CPU.ActiveCfg = Debug|Any CPU
		{B6DD808F-FB8A-4095-AF73-DCDB0B567D4C}.Debug|Any CPU.Build.0 = Debug|Any CPU
		{B6DD808F-FB8A-4095-AF73-DCDB0B567D4C}.Release|Any CPU.ActiveCfg = Release|Any CPU
		{B6DD808F-FB8A-4095-AF73-DCDB0B567D4C}.Release|Any CPU.Build.0 = Release|Any CPU
		{3995F663-FF37-491A-BEB4-34C0D461BE4B}.Debug|Any CPU.ActiveCfg = Debug|Any CPU
		{3995F663-FF37-491A-BEB4-34C0D461BE4B}.Debug|Any CPU.Build.0 = Debug|Any CPU
		{3995F663-FF37-491A-BEB4-34C0D461BE4B}.Release|Any CPU.ActiveCfg = Release|Any CPU
		{3995F663-FF37-491A-BEB4-34C0D461BE4B}.Release|Any CPU.Build.0 = Release|Any CPU
		{6C081B9B-F393-41BC-9C82-4C6A2970448A}.Debug|Any CPU.ActiveCfg = Debug|Any CPU
		{6C081B9B-F393-41BC-9C82-4C6A2970448A}.Debug|Any CPU.Build.0 = Debug|Any CPU
		{6C081B9B-F393-41BC-9C82-4C6A2970448A}.Release|Any CPU.ActiveCfg = Release|Any CPU
		{6C081B9B-F393-41BC-9C82-4C6A2970448A}.Release|Any CPU.Build.0 = Release|Any CPU
		{24B42115-7CFE-4CC9-9F40-9BB825048BA8}.Debug|Any CPU.ActiveCfg = Debug|Any CPU
		{24B42115-7CFE-4CC9-9F40-9BB825048BA8}.Debug|Any CPU.Build.0 = Debug|Any CPU
		{24B42115-7CFE-4CC9-9F40-9BB825048BA8}.Release|Any CPU.ActiveCfg = Release|Any CPU
		{24B42115-7CFE-4CC9-9F40-9BB825048BA8}.Release|Any CPU.Build.0 = Release|Any CPU
		{E0DDC531-7A25-49F5-9D2A-DCBDDCDBC6C8}.Debug|Any CPU.ActiveCfg = Debug|Any CPU
		{E0DDC531-7A25-49F5-9D2A-DCBDDCDBC6C8}.Debug|Any CPU.Build.0 = Debug|Any CPU
		{E0DDC531-7A25-49F5-9D2A-DCBDDCDBC6C8}.Release|Any CPU.ActiveCfg = Release|Any CPU
		{E0DDC531-7A25-49F5-9D2A-DCBDDCDBC6C8}.Release|Any CPU.Build.0 = Release|Any CPU
		{A0EF4253-957A-4A64-B954-05E37E7FC76C}.Debug|Any CPU.ActiveCfg = Debug|Any CPU
		{A0EF4253-957A-4A64-B954-05E37E7FC76C}.Debug|Any CPU.Build.0 = Debug|Any CPU
		{A0EF4253-957A-4A64-B954-05E37E7FC76C}.Release|Any CPU.ActiveCfg = Release|Any CPU
		{A0EF4253-957A-4A64-B954-05E37E7FC76C}.Release|Any CPU.Build.0 = Release|Any CPU
	EndGlobalSection
	GlobalSection(NestedProjects) = preSolution
		{61963994-2B13-44DB-B08E-483BCEAF215D} = {DD6E8607-286D-43C5-B6D9-9CA45F77E052}
		{3995F663-FF37-491A-BEB4-34C0D461BE4B} = {C3AA919E-C262-4686-A7E7-80DAC73A3A7E}
		{6C081B9B-F393-41BC-9C82-4C6A2970448A} = {C3AA919E-C262-4686-A7E7-80DAC73A3A7E}
		{24B42115-7CFE-4CC9-9F40-9BB825048BA8} = {1AE05098-F6B3-4E71-99AD-50549F4F11D4}
		{B6DD808F-FB8A-4095-AF73-DCDB0B567D4C} = {0CD7F5D9-9DB8-4FC4-BF80-2598C55B6F45}
		{2E2F29DA-C8ED-4909-80CE-D4EB906EA569} = {0CD7F5D9-9DB8-4FC4-BF80-2598C55B6F45}
		{E0DDC531-7A25-49F5-9D2A-DCBDDCDBC6C8} = {1AE05098-F6B3-4E71-99AD-50549F4F11D4}
		{A0EF4253-957A-4A64-B954-05E37E7FC76C} = {DD6E8607-286D-43C5-B6D9-9CA45F77E052}
	EndGlobalSection
EndGlobal
